
Microsoft Visual Studio Solution File, Format Version 12.00
# Visual Studio 15
VisualStudioVersion = 15.0.26730.16
MinimumVisualStudioVersion = 10.0.40219.1
Project("{FAE04EC0-301F-11D3-BF4B-00C04F79EFBC}") = "CodingDojo6", "CodingDojo6\CodingDojo6.csproj", "{36B8A8FB-0FE9-4DDB-8DA1-F98DB124F228}"
EndProject
Global
	GlobalSection(SolutionConfigurationPlatforms) = preSolution
		Debug|Any CPU = Debug|Any CPU
		Release|Any CPU = Release|Any CPU
	EndGlobalSection
	GlobalSection(ProjectConfigurationPlatforms) = postSolution
		{36B8A8FB-0FE9-4DDB-8DA1-F98DB124F228}.Debug|Any CPU.ActiveCfg = Debug|Any CPU
		{36B8A8FB-0FE9-4DDB-8DA1-F98DB124F228}.Debug|Any CPU.Build.0 = Debug|Any CPU
		{36B8A8FB-0FE9-4DDB-8DA1-F98DB124F228}.Release|Any CPU.ActiveCfg = Release|Any CPU
		{36B8A8FB-0FE9-4DDB-8DA1-F98DB124F228}.Release|Any CPU.Build.0 = Release|Any CPU
	EndGlobalSection
	GlobalSection(SolutionProperties) = preSolution
		HideSolutionNode = FALSE
	EndGlobalSection
	GlobalSection(ExtensibilityGlobals) = postSolution
		SolutionGuid = {DA24A410-B9B3-42B3-9EEF-098FCED87111}
	EndGlobalSection
EndGlobal
